
Microsoft Visual Studio Solution File, Format Version 12.00
# Visual Studio Version 17
VisualStudioVersion = 17.3.32929.385
MinimumVisualStudioVersion = 10.0.40219.1
Project("{FAE04EC0-301F-11D3-BF4B-00C04F79EFBC}") = "OoTxMM-Track", "OoTxMM-Track.csproj", "{051DB111-6475-42A1-850B-6A51D637BA31}"
EndProject
Global
	GlobalSection(SolutionConfigurationPlatforms) = preSolution
		Debug|Any CPU = Debug|Any CPU
		Release|Any CPU = Release|Any CPU
	EndGlobalSection
	GlobalSection(ProjectConfigurationPlatforms) = postSolution
		{051DB111-6475-42A1-850B-6A51D637BA31}.Debug|Any CPU.ActiveCfg = Debug|Any CPU
		{051DB111-6475-42A1-850B-6A51D637BA31}.Debug|Any CPU.Build.0 = Debug|Any CPU
		{051DB111-6475-42A1-850B-6A51D637BA31}.Release|Any CPU.ActiveCfg = Release|Any CPU
		{051DB111-6475-42A1-850B-6A51D637BA31}.Release|Any CPU.Build.0 = Release|Any CPU
	EndGlobalSection
	GlobalSection(SolutionProperties) = preSolution
		HideSolutionNode = FALSE
	EndGlobalSection
	GlobalSection(ExtensibilityGlobals) = postSolution
		SolutionGuid = {6E50E67D-8A5B-4BF0-8CDA-3C0DFAD0523E}
	EndGlobalSection
EndGlobal
